
Microsoft Visual Studio Solution File, Format Version 12.00
# Visual Studio Version 17
VisualStudioVersion = 17.5.33414.496
MinimumVisualStudioVersion = 10.0.40219.1
Project("{FAE04EC0-301F-11D3-BF4B-00C04F79EFBC}") = "FRDZ School Web", "FRDZ School Web\FRDZ School Web.csproj", "{075D9950-9035-4300-B6CD-8AF6C4367A94}"
EndProject
Global
	GlobalSection(SolutionConfigurationPlatforms) = preSolution
		Debug|Any CPU = Debug|Any CPU
		Release|Any CPU = Release|Any CPU
	EndGlobalSection
	GlobalSection(ProjectConfigurationPlatforms) = postSolution
		{075D9950-9035-4300-B6CD-8AF6C4367A94}.Debug|Any CPU.ActiveCfg = Debug|Any CPU
		{075D9950-9035-4300-B6CD-8AF6C4367A94}.Debug|Any CPU.Build.0 = Debug|Any CPU
		{075D9950-9035-4300-B6CD-8AF6C4367A94}.Release|Any CPU.ActiveCfg = Release|Any CPU
		{075D9950-9035-4300-B6CD-8AF6C4367A94}.Release|Any CPU.Build.0 = Release|Any CPU
	EndGlobalSection
	GlobalSection(SolutionProperties) = preSolution
		HideSolutionNode = FALSE
	EndGlobalSection
	GlobalSection(ExtensibilityGlobals) = postSolution
		SolutionGuid = {705D3A44-F5D2-4CB5-BAD1-BBE67EFFAF86}
	EndGlobalSection
EndGlobal
